PODS:
  - AFNetworking (2.5.4):
    - AFNetworking/NSURLConnection (= 2.5.4)
    - AFNetworking/NSURLSession (= 2.5.4)
    - AFNetworking/Reachability (= 2.5.4)
    - AFNetworking/Security (= 2.5.4)
    - AFNetworking/Serialization (= 2.5.4)
    - AFNetworking/UIKit (= 2.5.4)
  - AFNetworking/NSURLConnection (2.5.4):
    - AFNetworking/Reachability
    - AFNetworking/Security
    - AFNetworking/Serialization
  - AFNetworking/NSURLSession (2.5.4):
    - AFNetworking/Reachability
    - AFNetworking/Security
    - AFNetworking/Serialization
  - AFNetworking/Reachability (2.5.4)
  - AFNetworking/Security (2.5.4)
  - AFNetworking/Serialization (2.5.4)
  - AFNetworking/UIKit (2.5.4):
    - AFNetworking/NSURLConnection
    - AFNetworking/NSURLSession
  - Bolts/Tasks (1.2.0)
  - Google/Analytics (1.0.7):
    - Google/Core
    - GoogleAnalytics (~> 3.12)
  - Google/Core (1.0.7):
    - GoogleNetworkingUtilities (~> 1.0)
    - GoogleSymbolUtilities (~> 1.0)
    - GoogleUtilities (~> 1.0)
  - GoogleAnalytics (3.13.0)
  - GoogleNetworkingUtilities (1.0.0):
    - GoogleSymbolUtilities (~> 1.0)
  - GoogleSymbolUtilities (1.0.0)
  - GoogleUtilities (1.0.1):
    - GoogleSymbolUtilities (~> 1.0)
  - IOSLinkedInAPI (2.0.0):
    - AFNetworking (>= 2.0.0)
  - Parse (1.7.4):
    - Bolts/Tasks (>= 1.1.5)
  - PFLinkedInUtils (0.1.5):
    - IOSLinkedInAPI (~> 2.0)
    - Parse (~> 1.6)
  - SDWebImage (3.7.2):
    - SDWebImage/Core (= 3.7.2)
  - SDWebImage/Core (3.7.2)
  - SplunkMint-iOS (4.2)
  - UIViewPlusPosition (0.0.1)

DEPENDENCIES:
  - Google/Analytics (~> 1.0.0)
  - PFLinkedInUtils
  - SDWebImage (~> 3.7)
  - SplunkMint-iOS
  - UIViewPlusPosition (~> 0.0)

SPEC CHECKSUMS:
  AFNetworking: 05edc0ac4c4c8cf57bcf4b84be5b0744b6d8e71e
  Bolts: d176cb1e0012175589e389a9db49b85e27787576
  Google: 875f5a8ade86dd02e36586e4a54814843938c7f6
  GoogleAnalytics: fcf1f1cad57ae1a9a53520018f0f680ceeeb8b49
  GoogleNetworkingUtilities: 292992ab31b7b4ba32809a0e8b40e324cdfb2c0c
  GoogleSymbolUtilities: a7b0feed1fe667c8d5e647177938d0ecd62d6948
  GoogleUtilities: e3475cd4d45134221d2f3f3626095a1c49b62041
  IOSLinkedInAPI: d0adc664472d471b0df9b2aad92a2d82de926c40
  Parse: 6ca512c6e860b66739c95151b2f76ac4712b7842
  PFLinkedInUtils: 1b0506f1901072b46c0de4d496f81d82d33ba61d
  SDWebImage: 71b7cdc1d1721d6a82ed62889030225f2c249e29
  SplunkMint-iOS: 058e5297f7cc8d335aea3dcaa8111eeb0f657371
  UIViewPlusPosition: 56c99fd247aa0674b3a3fcfd1f5b92a1fa0d0d55

COCOAPODS: 0.37.2
