// !$*UTF8*$!
{
	archiveVersion = 1;
	classes = {
	};
	objectVersion = 46;
	objects = {

/* Begin PBXBuildFile section */
		846711FB1B5C53A00055B9FD /* LEBackgroundThread.m in Sources */ = {isa = PBXBuildFile; fileRef = 846711EE1B5C53A00055B9FD /* LEBackgroundThread.m */; };
		846711FC1B5C53A00055B9FD /* lecore.m in Sources */ = {isa = PBXBuildFile; fileRef = 846711F01B5C53A00055B9FD /* lecore.m */; };
		846711FD1B5C53A00055B9FD /* LELog.m in Sources */ = {isa = PBXBuildFile; fileRef = 846711F41B5C53A00055B9FD /* LELog.m */; };
		846711FE1B5C53A00055B9FD /* LeNetworkStatus.m in Sources */ = {isa = PBXBuildFile; fileRef = 846711F61B5C53A00055B9FD /* LeNetworkStatus.m */; };
		846711FF1B5C53A00055B9FD /* LogFile.m in Sources */ = {isa = PBXBuildFile; fileRef = 846711F81B5C53A00055B9FD /* LogFile.m */; };
		846712001B5C53A00055B9FD /* LogFiles.m in Sources */ = {isa = PBXBuildFile; fileRef = 846711FA1B5C53A00055B9FD /* LogFiles.m */; };
		950EF4E433AE1F1D57358545 /* libPods.a in Frameworks */ = {isa = PBXBuildFile; fileRef = 6A4A32F333D1D7CF497CE895 /* libPods.a */; };
		951795CA1B4BC8EC00523D65 /* ProfileVC.m in Sources */ = {isa = PBXBuildFile; fileRef = 951795C91B4BC8EC00523D65 /* ProfileVC.m */; };
		951795CE1B4BC91D00523D65 /* ProfileCell.m in Sources */ = {isa = PBXBuildFile; fileRef = 951795CD1B4BC91D00523D65 /* ProfileCell.m */; };
		95511E111B2719CA00AD40C6 /* iCarousel.m in Sources */ = {isa = PBXBuildFile; fileRef = 95511E101B2719CA00AD40C6 /* iCarousel.m */; };
		95511E141B2770B400AD40C6 /* LoginVC.m in Sources */ = {isa = PBXBuildFile; fileRef = 95511E131B2770B400AD40C6 /* LoginVC.m */; };
		95511E181B28291700AD40C6 /* FavouriteVC.m in Sources */ = {isa = PBXBuildFile; fileRef = 95511E171B28291700AD40C6 /* FavouriteVC.m */; };
		95511E1C1B28353800AD40C6 /* FavourCell.m in Sources */ = {isa = PBXBuildFile; fileRef = 95511E1B1B28353800AD40C6 /* FavourCell.m */; };
		95511E1F1B2853A300AD40C6 /* ApplicationsVC.m in Sources */ = {isa = PBXBuildFile; fileRef = 95511E1E1B2853A300AD40C6 /* ApplicationsVC.m */; };
		95511E231B286CA200AD40C6 /* ChatVC.m in Sources */ = {isa = PBXBuildFile; fileRef = 95511E221B286CA100AD40C6 /* ChatVC.m */; };
		95511E261B28758200AD40C6 /* ChatInputView.xib in Resources */ = {isa = PBXBuildFile; fileRef = 95511E251B28758200AD40C6 /* ChatInputView.xib */; };
		95790DB01B32C3140024EA3E /* PushNoAnimationSegue.m in Sources */ = {isa = PBXBuildFile; fileRef = 95790DAF1B32C3140024EA3E /* PushNoAnimationSegue.m */; };
		957B63931B247840003AA201 /* main.m in Sources */ = {isa = PBXBuildFile; fileRef = 957B63921B247840003AA201 /* main.m */; };
		957B63961B247840003AA201 /* AppDelegate.m in Sources */ = {isa = PBXBuildFile; fileRef = 957B63951B247840003AA201 /* AppDelegate.m */; };
		957B63991B247840003AA201 /* ViewController.m in Sources */ = {isa = PBXBuildFile; fileRef = 957B63981B247840003AA201 /* ViewController.m */; };
		957B639C1B247840003AA201 /* Main.storyboard in Resources */ = {isa = PBXBuildFile; fileRef = 957B639A1B247840003AA201 /* Main.storyboard */; };
		957B639E1B247840003AA201 /* Images.xcassets in Resources */ = {isa = PBXBuildFile; fileRef = 957B639D1B247840003AA201 /* Images.xcassets */; };
		957B63A11B247840003AA201 /* LaunchScreen.xib in Resources */ = {isa = PBXBuildFile; fileRef = 957B639F1B247840003AA201 /* LaunchScreen.xib */; };
		957B63AD1B247840003AA201 /* HarikalsTests.m in Sources */ = {isa = PBXBuildFile; fileRef = 957B63AC1B247840003AA201 /* HarikalsTests.m */; };
		959890E71B3C0E3400551F60 /* DropdownModel.m in Sources */ = {isa = PBXBuildFile; fileRef = 959890E61B3C0E3400551F60 /* DropdownModel.m */; };
		959B2C991A5F13610009C77D /* MenuCell.m in Sources */ = {isa = PBXBuildFile; fileRef = 959B2C981A5F13610009C77D /* MenuCell.m */; };
		95A5E76C1B2700C300B6E978 /* CardsVC.m in Sources */ = {isa = PBXBuildFile; fileRef = 95A5E76A1B2700C300B6E978 /* CardsVC.m */; };
		95A5E76D1B2700C300B6E978 /* CardsVC.xib in Resources */ = {isa = PBXBuildFile; fileRef = 95A5E76B1B2700C300B6E978 /* CardsVC.xib */; };
		95A94F341B205201004A2CE0 /* OptionsVC.m in Sources */ = {isa = PBXBuildFile; fileRef = 95A94F331B205201004A2CE0 /* OptionsVC.m */; };
		95AA967F1B2062DF00FF0F81 /* SignInVC.m in Sources */ = {isa = PBXBuildFile; fileRef = 95AA967E1B2062DF00FF0F81 /* SignInVC.m */; };
		95AA96821B4C113C00FF0F81 /* FillVC.m in Sources */ = {isa = PBXBuildFile; fileRef = 95AA96811B4C113C00FF0F81 /* FillVC.m */; };
		95AA96851B4C141100FF0F81 /* UIMonthYearPicker.m in Sources */ = {isa = PBXBuildFile; fileRef = 95AA96841B4C141100FF0F81 /* UIMonthYearPicker.m */; };
		95AA96881B4C285000FF0F81 /* OHActionSheet.m in Sources */ = {isa = PBXBuildFile; fileRef = 95AA96871B4C285000FF0F81 /* OHActionSheet.m */; };
		95AAB2AE1B4D34990092CA62 /* InitialVC.m in Sources */ = {isa = PBXBuildFile; fileRef = 95AAB2AD1B4D34990092CA62 /* InitialVC.m */; };
		95AAB2B01B4D797E0092CA62 /* InfoPlist.strings in Resources */ = {isa = PBXBuildFile; fileRef = 95AAB2AF1B4D797E0092CA62 /* InfoPlist.strings */; };
		95AB89171B5BCCFC00953DF5 /* Reachability.m in Sources */ = {isa = PBXBuildFile; fileRef = 95AB89161B5BCCFC00953DF5 /* Reachability.m */; };
		95ADC6721B4954E400344BE9 /* Default@2x.png in Resources */ = {isa = PBXBuildFile; fileRef = 95ADC6701B4954E400344BE9 /* Default@2x.png */; };
		95ADC6731B4954E400344BE9 /* Default-568h@2x.png in Resources */ = {isa = PBXBuildFile; fileRef = 95ADC6711B4954E400344BE9 /* Default-568h@2x.png */; };
		95AE071E1B25F38200184007 /* RECommonFunctions.m in Sources */ = {isa = PBXBuildFile; fileRef = 95AE07191B25F38200184007 /* RECommonFunctions.m */; };
		95AE071F1B25F38200184007 /* RESideMenu.m in Sources */ = {isa = PBXBuildFile; fileRef = 95AE071B1B25F38200184007 /* RESideMenu.m */; };
		95AE07201B25F38200184007 /* UIViewController+RESideMenu.m in Sources */ = {isa = PBXBuildFile; fileRef = 95AE071D1B25F38200184007 /* UIViewController+RESideMenu.m */; };
		95AE07241B25F5BD00184007 /* MenuViewController.m in Sources */ = {isa = PBXBuildFile; fileRef = 95AE07231B25F5BD00184007 /* MenuViewController.m */; };
		95AE07271B25F8C600184007 /* LeftMenuViewController.m in Sources */ = {isa = PBXBuildFile; fileRef = 95AE07251B25F8C600184007 /* LeftMenuViewController.m */; };
		95AE22211B4A8F76001B26D3 /* FjallaOne-Regular.ttf in Resources */ = {isa = PBXBuildFile; fileRef = 95AE22201B4A8F71001B26D3 /* FjallaOne-Regular.ttf */; };
		95AF152C1B5BDDB3003B75CC /* ForgotVC.m in Sources */ = {isa = PBXBuildFile; fileRef = 95AF152B1B5BDDB3003B75CC /* ForgotVC.m */; };
		95AF152F1B5BDF50003B75CC /* AlertVC.m in Sources */ = {isa = PBXBuildFile; fileRef = 95AF152E1B5BDF50003B75CC /* AlertVC.m */; };
		95AF15311B5BDF7C003B75CC /* AlertVCView.xib in Resources */ = {isa = PBXBuildFile; fileRef = 95AF15301B5BDF7C003B75CC /* AlertVCView.xib */; };
		95B26D591B4FFA9E002A8220 /* ForgotView.xib in Resources */ = {isa = PBXBuildFile; fileRef = 95B26D581B4FFA9E002A8220 /* ForgotView.xib */; };
		95B645431B29FE86009F1696 /* DetailVC.m in Sources */ = {isa = PBXBuildFile; fileRef = 95B645421B29FE86009F1696 /* DetailVC.m */; };
		95B645451B2A05BA009F1696 /* ModalView.xib in Resources */ = {isa = PBXBuildFile; fileRef = 95B645441B2A05BA009F1696 /* ModalView.xib */; };
		95B77BA31B25AB780081E694 /* OpenSans-Bold.ttf in Resources */ = {isa = PBXBuildFile; fileRef = 95B77B971B25AB780081E694 /* OpenSans-Bold.ttf */; };
		95B77BA41B25AB780081E694 /* OpenSans-BoldItalic.ttf in Resources */ = {isa = PBXBuildFile; fileRef = 95B77B981B25AB780081E694 /* OpenSans-BoldItalic.ttf */; };
		95B77BA51B25AB780081E694 /* OpenSans-CondLight.ttf in Resources */ = {isa = PBXBuildFile; fileRef = 95B77B991B25AB780081E694 /* OpenSans-CondLight.ttf */; };
		95B77BA61B25AB780081E694 /* OpenSans-CondLightItalic.ttf in Resources */ = {isa = PBXBuildFile; fileRef = 95B77B9A1B25AB780081E694 /* OpenSans-CondLightItalic.ttf */; };
		95B77BA71B25AB780081E694 /* OpenSans-ExtraBold.ttf in Resources */ = {isa = PBXBuildFile; fileRef = 95B77B9B1B25AB780081E694 /* OpenSans-ExtraBold.ttf */; };
		95B77BA81B25AB780081E694 /* OpenSans-ExtraBoldItalic.ttf in Resources */ = {isa = PBXBuildFile; fileRef = 95B77B9C1B25AB780081E694 /* OpenSans-ExtraBoldItalic.ttf */; };
		95B77BA91B25AB780081E694 /* OpenSans-Italic.ttf in Resources */ = {isa = PBXBuildFile; fileRef = 95B77B9D1B25AB780081E694 /* OpenSans-Italic.ttf */; };
		95B77BAA1B25AB780081E694 /* OpenSans-Light.ttf in Resources */ = {isa = PBXBuildFile; fileRef = 95B77B9E1B25AB780081E694 /* OpenSans-Light.ttf */; };
		95B77BAB1B25AB780081E694 /* OpenSans-LightItalic.ttf in Resources */ = {isa = PBXBuildFile; fileRef = 95B77B9F1B25AB780081E694 /* OpenSans-LightItalic.ttf */; };
		95B77BAC1B25AB780081E694 /* OpenSans-Regular.ttf in Resources */ = {isa = PBXBuildFile; fileRef = 95B77BA01B25AB780081E694 /* OpenSans-Regular.ttf */; };
		95B77BAD1B25AB780081E694 /* OpenSans-Semibold.ttf in Resources */ = {isa = PBXBuildFile; fileRef = 95B77BA11B25AB780081E694 /* OpenSans-Semibold.ttf */; };
		95B77BAE1B25AB780081E694 /* OpenSans-SemiboldItalic.ttf in Resources */ = {isa = PBXBuildFile; fileRef = 95B77BA21B25AB780081E694 /* OpenSans-SemiboldItalic.ttf */; };
		95B77BB11B25B3360081E694 /* IntroductionVC.m in Sources */ = {isa = PBXBuildFile; fileRef = 95B77BB01B25B3360081E694 /* IntroductionVC.m */; };
		95BE31321B39665D0091E052 /* ChatCell.m in Sources */ = {isa = PBXBuildFile; fileRef = 95BE31311B39665D0091E052 /* ChatCell.m */; };
		95CA93E91B387B9000AA9E04 /* ApplicationsCell.m in Sources */ = {isa = PBXBuildFile; fileRef = 95CA93E81B387B9000AA9E04 /* ApplicationsCell.m */; };
		95CD16651B46818C0004AEDD /* SettingsCell.m in Sources */ = {isa = PBXBuildFile; fileRef = 95CD16641B46818C0004AEDD /* SettingsCell.m */; };
		95D7753C1B2B41FF006D501F /* SettingsVC.m in Sources */ = {isa = PBXBuildFile; fileRef = 95D7753B1B2B41FF006D501F /* SettingsVC.m */; };
		95D775401B2B58E5006D501F /* CardView.m in Sources */ = {isa = PBXBuildFile; fileRef = 95D7753F1B2B58E5006D501F /* CardView.m */; };
		95D775421B2B58FB006D501F /* CardView.xib in Resources */ = {isa = PBXBuildFile; fileRef = 95D775411B2B58FB006D501F /* CardView.xib */; };
		95D83BB01B419996005530F4 /* HKTextField.m in Sources */ = {isa = PBXBuildFile; fileRef = 95D83BAF1B419996005530F4 /* HKTextField.m */; };
		95D83BB31B419BF9005530F4 /* HKServer.m in Sources */ = {isa = PBXBuildFile; fileRef = 95D83BB21B419BF9005530F4 /* HKServer.m */; };
/* End PBXBuildFile section */

/* Begin PBXContainerItemProxy section */
		957B63A71B247840003AA201 /* PBXContainerItemProxy */ = {
			isa = PBXContainerItemProxy;
			containerPortal = 957B63851B247840003AA201 /* Project object */;
			proxyType = 1;
			remoteGlobalIDString = 957B638C1B247840003AA201;
			remoteInfo = Harikals;
		};
/* End PBXContainerItemProxy section */

/* Begin PBXFileReference section */
		29486ABA066670FC3B9C5709 /* Pods.debug.xcconfig */ = {isa = PBXFileReference; includeInIndex = 1; lastKnownFileType = text.xcconfig; name = Pods.debug.xcconfig; path = "Pods/Target Support Files/Pods/Pods.debug.xcconfig"; sourceTree = "<group>"; };
		504BA634EB605968241D5616 /* Pods.release.xcconfig */ = {isa = PBXFileReference; includeInIndex = 1; lastKnownFileType = text.xcconfig; name = Pods.release.xcconfig; path = "Pods/Target Support Files/Pods/Pods.release.xcconfig"; sourceTree = "<group>"; };
		6A4A32F333D1D7CF497CE895 /* libPods.a */ = {isa = PBXFileReference; explicitFileType = archive.ar; includeInIndex = 0; path = libPods.a; sourceTree = BUILT_PRODUCTS_DIR; };
		846711ED1B5C53A00055B9FD /* LEBackgroundThread.h */ = {isa = PBXFileReference; fileEncoding = 4; lastKnownFileType = sourcecode.c.h; path = LEBackgroundThread.h; sourceTree = "<group>"; };
		846711EE1B5C53A00055B9FD /* LEBackgroundThread.m */ = {isa = PBXFileReference; fileEncoding = 4; lastKnownFileType = sourcecode.c.objc; path = LEBackgroundThread.m; sourceTree = "<group>"; };
		846711EF1B5C53A00055B9FD /* lecore.h */ = {isa = PBXFileReference; fileEncoding = 4; lastKnownFileType = sourcecode.c.h; path = lecore.h; sourceTree = "<group>"; };
		846711F01B5C53A00055B9FD /* lecore.m */ = {isa = PBXFileReference; fileEncoding = 4; lastKnownFileType = sourcecode.c.objc; path = lecore.m; sourceTree = "<group>"; };
		846711F11B5C53A00055B9FD /* lelib-Prefix.pch */ = {isa = PBXFileReference; fileEncoding = 4; lastKnownFileType = sourcecode.c.h; path = "lelib-Prefix.pch"; sourceTree = "<group>"; };
		846711F21B5C53A00055B9FD /* lelib.h */ = {isa = PBXFileReference; fileEncoding = 4; lastKnownFileType = sourcecode.c.h; path = lelib.h; sourceTree = "<group>"; };
		846711F31B5C53A00055B9FD /* LELog.h */ = {isa = PBXFileReference; fileEncoding = 4; lastKnownFileType = sourcecode.c.h; path = LELog.h; sourceTree = "<group>"; };
		846711F41B5C53A00055B9FD /* LELog.m */ = {isa = PBXFileReference; fileEncoding = 4; lastKnownFileType = sourcecode.c.objc; path = LELog.m; sourceTree = "<group>"; };
		846711F51B5C53A00055B9FD /* LeNetworkStatus.h */ = {isa = PBXFileReference; fileEncoding = 4; lastKnownFileType = sourcecode.c.h; path = LeNetworkStatus.h; sourceTree = "<group>"; };
		846711F61B5C53A00055B9FD /* LeNetworkStatus.m */ = {isa = PBXFileReference; fileEncoding = 4; lastKnownFileType = sourcecode.c.objc; path = LeNetworkStatus.m; sourceTree = "<group>"; };
		846711F71B5C53A00055B9FD /* LogFile.h */ = {isa = PBXFileReference; fileEncoding = 4; lastKnownFileType = sourcecode.c.h; path = LogFile.h; sourceTree = "<group>"; };
		846711F81B5C53A00055B9FD /* LogFile.m */ = {isa = PBXFileReference; fileEncoding = 4; lastKnownFileType = sourcecode.c.objc; path = LogFile.m; sourceTree = "<group>"; };
		846711F91B5C53A00055B9FD /* LogFiles.h */ = {isa = PBXFileReference; fileEncoding = 4; lastKnownFileType = sourcecode.c.h; path = LogFiles.h; sourceTree = "<group>"; };
		846711FA1B5C53A00055B9FD /* LogFiles.m */ = {isa = PBXFileReference; fileEncoding = 4; lastKnownFileType = sourcecode.c.objc; path = LogFiles.m; sourceTree = "<group>"; };
		951795C81B4BC8EC00523D65 /* ProfileVC.h */ = {isa = PBXFileReference; fileEncoding = 4; lastKnownFileType = sourcecode.c.h; path = ProfileVC.h; sourceTree = "<group>"; };
		951795C91B4BC8EC00523D65 /* ProfileVC.m */ = {isa = PBXFileReference; fileEncoding = 4; lastKnownFileType = sourcecode.c.objc; path = ProfileVC.m; sourceTree = "<group>"; };
		951795CC1B4BC91D00523D65 /* ProfileCell.h */ = {isa = PBXFileReference; fileEncoding = 4; lastKnownFileType = sourcecode.c.h; path = ProfileCell.h; sourceTree = "<group>"; };
		951795CD1B4BC91D00523D65 /* ProfileCell.m */ = {isa = PBXFileReference; fileEncoding = 4; lastKnownFileType = sourcecode.c.objc; path = ProfileCell.m; sourceTree = "<group>"; };
		95511E0F1B2719CA00AD40C6 /* iCarousel.h */ = {isa = PBXFileReference; fileEncoding = 4; lastKnownFileType = sourcecode.c.h; path = iCarousel.h; sourceTree = "<group>"; };
		95511E101B2719CA00AD40C6 /* iCarousel.m */ = {isa = PBXFileReference; fileEncoding = 4; lastKnownFileType = sourcecode.c.objc; path = iCarousel.m; sourceTree = "<group>"; };
		95511E121B2770B400AD40C6 /* LoginVC.h */ = {isa = PBXFileReference; fileEncoding = 4; lastKnownFileType = sourcecode.c.h; path = LoginVC.h; sourceTree = "<group>"; };
		95511E131B2770B400AD40C6 /* LoginVC.m */ = {isa = PBXFileReference; fileEncoding = 4; lastKnownFileType = sourcecode.c.objc; path = LoginVC.m; sourceTree = "<group>"; };
		95511E161B28291700AD40C6 /* FavouriteVC.h */ = {isa = PBXFileReference; fileEncoding = 4; lastKnownFileType = sourcecode.c.h; path = FavouriteVC.h; sourceTree = "<group>"; };
		95511E171B28291700AD40C6 /* FavouriteVC.m */ = {isa = PBXFileReference; fileEncoding = 4; lastKnownFileType = sourcecode.c.objc; path = FavouriteVC.m; sourceTree = "<group>"; };
		95511E1A1B28353800AD40C6 /* FavourCell.h */ = {isa = PBXFileReference; fileEncoding = 4; lastKnownFileType = sourcecode.c.h; path = FavourCell.h; sourceTree = "<group>"; };
		95511E1B1B28353800AD40C6 /* FavourCell.m */ = {isa = PBXFileReference; fileEncoding = 4; lastKnownFileType = sourcecode.c.objc; path = FavourCell.m; sourceTree = "<group>"; };
		95511E1D1B2853A300AD40C6 /* ApplicationsVC.h */ = {isa = PBXFileReference; fileEncoding = 4; lastKnownFileType = sourcecode.c.h; path = ApplicationsVC.h; sourceTree = "<group>"; };
		95511E1E1B2853A300AD40C6 /* ApplicationsVC.m */ = {isa = PBXFileReference; fileEncoding = 4; lastKnownFileType = sourcecode.c.objc; path = ApplicationsVC.m; sourceTree = "<group>"; };
		95511E211B286CA100AD40C6 /* ChatVC.h */ = {isa = PBXFileReference; fileEncoding = 4; lastKnownFileType = sourcecode.c.h; path = ChatVC.h; sourceTree = "<group>"; };
		95511E221B286CA100AD40C6 /* ChatVC.m */ = {isa = PBXFileReference; fileEncoding = 4; lastKnownFileType = sourcecode.c.objc; path = ChatVC.m; sourceTree = "<group>"; };
		95511E251B28758200AD40C6 /* ChatInputView.xib */ = {isa = PBXFileReference; fileEncoding = 4; lastKnownFileType = file.xib; path = ChatInputView.xib; sourceTree = "<group>"; };
		95790DAE1B32C3140024EA3E /* PushNoAnimationSegue.h */ = {isa = PBXFileReference; fileEncoding = 4; lastKnownFileType = sourcecode.c.h; path = PushNoAnimationSegue.h; sourceTree = "<group>"; };
		95790DAF1B32C3140024EA3E /* PushNoAnimationSegue.m */ = {isa = PBXFileReference; fileEncoding = 4; lastKnownFileType = sourcecode.c.objc; path = PushNoAnimationSegue.m; sourceTree = "<group>"; };
		957B638D1B247840003AA201 /* Harikals.app */ = {isa = PBXFileReference; explicitFileType = wrapper.application; includeInIndex = 0; path = Harikals.app; sourceTree = BUILT_PRODUCTS_DIR; };
		957B63911B247840003AA201 /* Info.plist */ = {isa = PBXFileReference; lastKnownFileType = text.plist.xml; path = Info.plist; sourceTree = "<group>"; };
		957B63921B247840003AA201 /* main.m */ = {isa = PBXFileReference; lastKnownFileType = sourcecode.c.objc; path = main.m; sourceTree = "<group>"; };
		957B63941B247840003AA201 /* AppDelegate.h */ = {isa = PBXFileReference; lastKnownFileType = sourcecode.c.h; path = AppDelegate.h; sourceTree = "<group>"; };
		957B63951B247840003AA201 /* AppDelegate.m */ = {isa = PBXFileReference; lastKnownFileType = sourcecode.c.objc; path = AppDelegate.m; sourceTree = "<group>"; };
		957B63971B247840003AA201 /* ViewController.h */ = {isa = PBXFileReference; lastKnownFileType = sourcecode.c.h; path = ViewController.h; sourceTree = "<group>"; };
		957B63981B247840003AA201 /* ViewController.m */ = {isa = PBXFileReference; lastKnownFileType = sourcecode.c.objc; path = ViewController.m; sourceTree = "<group>"; };
		957B639B1B247840003AA201 /* Base */ = {isa = PBXFileReference; lastKnownFileType = file.storyboard; name = Base; path = Base.lproj/Main.storyboard; sourceTree = "<group>"; };
		957B639D1B247840003AA201 /* Images.xcassets */ = {isa = PBXFileReference; lastKnownFileType = folder.assetcatalog; path = Images.xcassets; sourceTree = "<group>"; };
		957B63A01B247840003AA201 /* Base */ = {isa = PBXFileReference; lastKnownFileType = file.xib; name = Base; path = Base.lproj/LaunchScreen.xib; sourceTree = "<group>"; };
		957B63A61B247840003AA201 /* HarikalsTests.xctest */ = {isa = PBXFileReference; explicitFileType = wrapper.cfbundle; includeInIndex = 0; path = HarikalsTests.xctest; sourceTree = BUILT_PRODUCTS_DIR; };
		957B63AB1B247840003AA201 /* Info.plist */ = {isa = PBXFileReference; lastKnownFileType = text.plist.xml; path = Info.plist; sourceTree = "<group>"; };
		957B63AC1B247840003AA201 /* HarikalsTests.m */ = {isa = PBXFileReference; lastKnownFileType = sourcecode.c.objc; path = HarikalsTests.m; sourceTree = "<group>"; };
		959890E51B3C0E3400551F60 /* DropdownModel.h */ = {isa = PBXFileReference; fileEncoding = 4; lastKnownFileType = sourcecode.c.h; path = DropdownModel.h; sourceTree = "<group>"; };
		959890E61B3C0E3400551F60 /* DropdownModel.m */ = {isa = PBXFileReference; fileEncoding = 4; lastKnownFileType = sourcecode.c.objc; path = DropdownModel.m; sourceTree = "<group>"; };
		959B2C971A5F13610009C77D /* MenuCell.h */ = {isa = PBXFileReference; fileEncoding = 4; lastKnownFileType = sourcecode.c.h; path = MenuCell.h; sourceTree = "<group>"; };
		959B2C981A5F13610009C77D /* MenuCell.m */ = {isa = PBXFileReference; fileEncoding = 4; lastKnownFileType = sourcecode.c.objc; path = MenuCell.m; sourceTree = "<group>"; };
		95A5E7691B2700C300B6E978 /* CardsVC.h */ = {isa = PBXFileReference; fileEncoding = 4; lastKnownFileType = sourcecode.c.h; path = CardsVC.h; sourceTree = "<group>"; };
		95A5E76A1B2700C300B6E978 /* CardsVC.m */ = {isa = PBXFileReference; fileEncoding = 4; lastKnownFileType = sourcecode.c.objc; path = CardsVC.m; sourceTree = "<group>"; };
		95A5E76B1B2700C300B6E978 /* CardsVC.xib */ = {isa = PBXFileReference; fileEncoding = 4; lastKnownFileType = file.xib; path = CardsVC.xib; sourceTree = "<group>"; };
		95A94F321B205201004A2CE0 /* OptionsVC.h */ = {isa = PBXFileReference; fileEncoding = 4; lastKnownFileType = sourcecode.c.h; path = OptionsVC.h; sourceTree = "<group>"; };
		95A94F331B205201004A2CE0 /* OptionsVC.m */ = {isa = PBXFileReference; fileEncoding = 4; lastKnownFileType = sourcecode.c.objc; path = OptionsVC.m; sourceTree = "<group>"; };
		95AA967D1B2062DF00FF0F81 /* SignInVC.h */ = {isa = PBXFileReference; fileEncoding = 4; lastKnownFileType = sourcecode.c.h; path = SignInVC.h; sourceTree = "<group>"; };
		95AA967E1B2062DF00FF0F81 /* SignInVC.m */ = {isa = PBXFileReference; fileEncoding = 4; lastKnownFileType = sourcecode.c.objc; path = SignInVC.m; sourceTree = "<group>"; };
		95AA96801B4C113C00FF0F81 /* FillVC.h */ = {isa = PBXFileReference; fileEncoding = 4; lastKnownFileType = sourcecode.c.h; path = FillVC.h; sourceTree = "<group>"; };
		95AA96811B4C113C00FF0F81 /* FillVC.m */ = {isa = PBXFileReference; fileEncoding = 4; lastKnownFileType = sourcecode.c.objc; path = FillVC.m; sourceTree = "<group>"; };
		95AA96831B4C141100FF0F81 /* UIMonthYearPicker.h */ = {isa = PBXFileReference; fileEncoding = 4; lastKnownFileType = sourcecode.c.h; path = UIMonthYearPicker.h; sourceTree = "<group>"; };
		95AA96841B4C141100FF0F81 /* UIMonthYearPicker.m */ = {isa = PBXFileReference; fileEncoding = 4; lastKnownFileType = sourcecode.c.objc; path = UIMonthYearPicker.m; sourceTree = "<group>"; };
		95AA96861B4C285000FF0F81 /* OHActionSheet.h */ = {isa = PBXFileReference; fileEncoding = 4; lastKnownFileType = sourcecode.c.h; path = OHActionSheet.h; sourceTree = "<group>"; };
		95AA96871B4C285000FF0F81 /* OHActionSheet.m */ = {isa = PBXFileReference; fileEncoding = 4; lastKnownFileType = sourcecode.c.objc; path = OHActionSheet.m; sourceTree = "<group>"; };
		95AAB2AC1B4D34990092CA62 /* InitialVC.h */ = {isa = PBXFileReference; fileEncoding = 4; lastKnownFileType = sourcecode.c.h; path = InitialVC.h; sourceTree = "<group>"; };
		95AAB2AD1B4D34990092CA62 /* InitialVC.m */ = {isa = PBXFileReference; fileEncoding = 4; lastKnownFileType = sourcecode.c.objc; path = InitialVC.m; sourceTree = "<group>"; };
		95AAB2AF1B4D797E0092CA62 /* InfoPlist.strings */ = {isa = PBXFileReference; fileEncoding = 4; lastKnownFileType = text.plist.strings; path = InfoPlist.strings; sourceTree = "<group>"; };
		95AB89151B5BCCFC00953DF5 /* Reachability.h */ = {isa = PBXFileReference; fileEncoding = 4; lastKnownFileType = sourcecode.c.h; path = Reachability.h; sourceTree = "<group>"; };
		95AB89161B5BCCFC00953DF5 /* Reachability.m */ = {isa = PBXFileReference; fileEncoding = 4; lastKnownFileType = sourcecode.c.objc; path = Reachability.m; sourceTree = "<group>"; };
		95ADC6701B4954E400344BE9 /* Default@2x.png */ = {isa = PBXFileReference; lastKnownFileType = image.png; path = "Default@2x.png"; sourceTree = "<group>"; };
		95ADC6711B4954E400344BE9 /* Default-568h@2x.png */ = {isa = PBXFileReference; lastKnownFileType = image.png; path = "Default-568h@2x.png"; sourceTree = "<group>"; };
		95AE07181B25F38200184007 /* RECommonFunctions.h */ = {isa = PBXFileReference; fileEncoding = 4; lastKnownFileType = sourcecode.c.h; path = RECommonFunctions.h; sourceTree = "<group>"; };
		95AE07191B25F38200184007 /* RECommonFunctions.m */ = {isa = PBXFileReference; fileEncoding = 4; lastKnownFileType = sourcecode.c.objc; path = RECommonFunctions.m; sourceTree = "<group>"; };
		95AE071A1B25F38200184007 /* RESideMenu.h */ = {isa = PBXFileReference; fileEncoding = 4; lastKnownFileType = sourcecode.c.h; path = RESideMenu.h; sourceTree = "<group>"; };
		95AE071B1B25F38200184007 /* RESideMenu.m */ = {isa = PBXFileReference; fileEncoding = 4; lastKnownFileType = sourcecode.c.objc; path = RESideMenu.m; sourceTree = "<group>"; };
		95AE071C1B25F38200184007 /* UIViewController+RESideMenu.h */ = {isa = PBXFileReference; fileEncoding = 4; lastKnownFileType = sourcecode.c.h; path = "UIViewController+RESideMenu.h"; sourceTree = "<group>"; };
		95AE071D1B25F38200184007 /* UIViewController+RESideMenu.m */ = {isa = PBXFileReference; fileEncoding = 4; lastKnownFileType = sourcecode.c.objc; path = "UIViewController+RESideMenu.m"; sourceTree = "<group>"; };
		95AE07221B25F5BD00184007 /* MenuViewController.h */ = {isa = PBXFileReference; fileEncoding = 4; lastKnownFileType = sourcecode.c.h; path = MenuViewController.h; sourceTree = "<group>"; };
		95AE07231B25F5BD00184007 /* MenuViewController.m */ = {isa = PBXFileReference; fileEncoding = 4; lastKnownFileType = sourcecode.c.objc; path = MenuViewController.m; sourceTree = "<group>"; };
		95AE07251B25F8C600184007 /* LeftMenuViewController.m */ = {isa = PBXFileReference; fileEncoding = 4; lastKnownFileType = sourcecode.c.objc; path = LeftMenuViewController.m; sourceTree = "<group>"; };
		95AE07281B25F8E800184007 /* LeftMenuViewController.h */ = {isa = PBXFileReference; lastKnownFileType = sourcecode.c.h; path = LeftMenuViewController.h; sourceTree = "<group>"; };
		95AE22201B4A8F71001B26D3 /* FjallaOne-Regular.ttf */ = {isa = PBXFileReference; lastKnownFileType = file; path = "FjallaOne-Regular.ttf"; sourceTree = "<group>"; };
		95AF152A1B5BDDB3003B75CC /* ForgotVC.h */ = {isa = PBXFileReference; fileEncoding = 4; lastKnownFileType = sourcecode.c.h; path = ForgotVC.h; sourceTree = "<group>"; };
		95AF152B1B5BDDB3003B75CC /* ForgotVC.m */ = {isa = PBXFileReference; fileEncoding = 4; lastKnownFileType = sourcecode.c.objc; path = ForgotVC.m; sourceTree = "<group>"; };
		95AF152D1B5BDF50003B75CC /* AlertVC.h */ = {isa = PBXFileReference; fileEncoding = 4; lastKnownFileType = sourcecode.c.h; path = AlertVC.h; sourceTree = "<group>"; };
		95AF152E1B5BDF50003B75CC /* AlertVC.m */ = {isa = PBXFileReference; fileEncoding = 4; lastKnownFileType = sourcecode.c.objc; path = AlertVC.m; sourceTree = "<group>"; };
		95AF15301B5BDF7C003B75CC /* AlertVCView.xib */ = {isa = PBXFileReference; fileEncoding = 4; lastKnownFileType = file.xib; path = AlertVCView.xib; sourceTree = "<group>"; };
		95B26D551B4FF7FE002A8220 /* ForgotPasswordView.h */ = {isa = PBXFileReference; fileEncoding = 4; lastKnownFileType = sourcecode.c.h; path = ForgotPasswordView.h; sourceTree = "<group>"; };
		95B26D581B4FFA9E002A8220 /* ForgotView.xib */ = {isa = PBXFileReference; fileEncoding = 4; lastKnownFileType = file.xib; path = ForgotView.xib; sourceTree = "<group>"; };
		95B645411B29FE86009F1696 /* DetailVC.h */ = {isa = PBXFileReference; fileEncoding = 4; lastKnownFileType = sourcecode.c.h; path = DetailVC.h; sourceTree = "<group>"; };
		95B645421B29FE86009F1696 /* DetailVC.m */ = {isa = PBXFileReference; fileEncoding = 4; lastKnownFileType = sourcecode.c.objc; path = DetailVC.m; sourceTree = "<group>"; };
		95B645441B2A05BA009F1696 /* ModalView.xib */ = {isa = PBXFileReference; fileEncoding = 4; lastKnownFileType = file.xib; path = ModalView.xib; sourceTree = "<group>"; };
		95B77B971B25AB780081E694 /* OpenSans-Bold.ttf */ = {isa = PBXFileReference; lastKnownFileType = file; path = "OpenSans-Bold.ttf"; sourceTree = "<group>"; };
		95B77B981B25AB780081E694 /* OpenSans-BoldItalic.ttf */ = {isa = PBXFileReference; lastKnownFileType = file; path = "OpenSans-BoldItalic.ttf"; sourceTree = "<group>"; };
		95B77B991B25AB780081E694 /* OpenSans-CondLight.ttf */ = {isa = PBXFileReference; lastKnownFileType = file; path = "OpenSans-CondLight.ttf"; sourceTree = "<group>"; };
		95B77B9A1B25AB780081E694 /* OpenSans-CondLightItalic.ttf */ = {isa = PBXFileReference; lastKnownFileType = file; path = "OpenSans-CondLightItalic.ttf"; sourceTree = "<group>"; };
		95B77B9B1B25AB780081E694 /* OpenSans-ExtraBold.ttf */ = {isa = PBXFileReference; lastKnownFileType = file; path = "OpenSans-ExtraBold.ttf"; sourceTree = "<group>"; };
		95B77B9C1B25AB780081E694 /* OpenSans-ExtraBoldItalic.ttf */ = {isa = PBXFileReference; lastKnownFileType = file; path = "OpenSans-ExtraBoldItalic.ttf"; sourceTree = "<group>"; };
		95B77B9D1B25AB780081E694 /* OpenSans-Italic.ttf */ = {isa = PBXFileReference; lastKnownFileType = file; path = "OpenSans-Italic.ttf"; sourceTree = "<group>"; };
		95B77B9E1B25AB780081E694 /* OpenSans-Light.ttf */ = {isa = PBXFileReference; lastKnownFileType = file; path = "OpenSans-Light.ttf"; sourceTree = "<group>"; };
		95B77B9F1B25AB780081E694 /* OpenSans-LightItalic.ttf */ = {isa = PBXFileReference; lastKnownFileType = file; path = "OpenSans-LightItalic.ttf"; sourceTree = "<group>"; };
		95B77BA01B25AB780081E694 /* OpenSans-Regular.ttf */ = {isa = PBXFileReference; lastKnownFileType = file; path = "OpenSans-Regular.ttf"; sourceTree = "<group>"; };
		95B77BA11B25AB780081E694 /* OpenSans-Semibold.ttf */ = {isa = PBXFileReference; lastKnownFileType = file; path = "OpenSans-Semibold.ttf"; sourceTree = "<group>"; };
		95B77BA21B25AB780081E694 /* OpenSans-SemiboldItalic.ttf */ = {isa = PBXFileReference; lastKnownFileType = file; path = "OpenSans-SemiboldItalic.ttf"; sourceTree = "<group>"; };
		95B77BAF1B25B3360081E694 /* IntroductionVC.h */ = {isa = PBXFileReference; fileEncoding = 4; lastKnownFileType = sourcecode.c.h; path = IntroductionVC.h; sourceTree = "<group>"; };
		95B77BB01B25B3360081E694 /* IntroductionVC.m */ = {isa = PBXFileReference; fileEncoding = 4; lastKnownFileType = sourcecode.c.objc; path = IntroductionVC.m; sourceTree = "<group>"; };
		95BE31301B39665D0091E052 /* ChatCell.h */ = {isa = PBXFileReference; fileEncoding = 4; lastKnownFileType = sourcecode.c.h; path = ChatCell.h; sourceTree = "<group>"; };
		95BE31311B39665D0091E052 /* ChatCell.m */ = {isa = PBXFileReference; fileEncoding = 4; lastKnownFileType = sourcecode.c.objc; path = ChatCell.m; sourceTree = "<group>"; };
		95CA93E71B387B9000AA9E04 /* ApplicationsCell.h */ = {isa = PBXFileReference; fileEncoding = 4; lastKnownFileType = sourcecode.c.h; path = ApplicationsCell.h; sourceTree = "<group>"; };
		95CA93E81B387B9000AA9E04 /* ApplicationsCell.m */ = {isa = PBXFileReference; fileEncoding = 4; lastKnownFileType = sourcecode.c.objc; path = ApplicationsCell.m; sourceTree = "<group>"; };
		95CD16631B46818C0004AEDD /* SettingsCell.h */ = {isa = PBXFileReference; fileEncoding = 4; lastKnownFileType = sourcecode.c.h; path = SettingsCell.h; sourceTree = "<group>"; };
		95CD16641B46818C0004AEDD /* SettingsCell.m */ = {isa = PBXFileReference; fileEncoding = 4; lastKnownFileType = sourcecode.c.objc; path = SettingsCell.m; sourceTree = "<group>"; };
		95D7753A1B2B41FF006D501F /* SettingsVC.h */ = {isa = PBXFileReference; fileEncoding = 4; lastKnownFileType = sourcecode.c.h; path = SettingsVC.h; sourceTree = "<group>"; };
		95D7753B1B2B41FF006D501F /* SettingsVC.m */ = {isa = PBXFileReference; fileEncoding = 4; lastKnownFileType = sourcecode.c.objc; path = SettingsVC.m; sourceTree = "<group>"; };
		95D7753E1B2B58E5006D501F /* CardView.h */ = {isa = PBXFileReference; fileEncoding = 4; lastKnownFileType = sourcecode.c.h; path = CardView.h; sourceTree = "<group>"; };
		95D7753F1B2B58E5006D501F /* CardView.m */ = {isa = PBXFileReference; fileEncoding = 4; lastKnownFileType = sourcecode.c.objc; path = CardView.m; sourceTree = "<group>"; };
		95D775411B2B58FB006D501F /* CardView.xib */ = {isa = PBXFileReference; fileEncoding = 4; lastKnownFileType = file.xib; path = CardView.xib; sourceTree = "<group>"; };
		95D83BAE1B419996005530F4 /* HKTextField.h */ = {isa = PBXFileReference; fileEncoding = 4; lastKnownFileType = sourcecode.c.h; path = HKTextField.h; sourceTree = "<group>"; };
		95D83BAF1B419996005530F4 /* HKTextField.m */ = {isa = PBXFileReference; fileEncoding = 4; lastKnownFileType = sourcecode.c.objc; path = HKTextField.m; sourceTree = "<group>"; };
		95D83BB11B419BF9005530F4 /* HKServer.h */ = {isa = PBXFileReference; fileEncoding = 4; lastKnownFileType = sourcecode.c.h; path = HKServer.h; sourceTree = "<group>"; };
		95D83BB21B419BF9005530F4 /* HKServer.m */ = {isa = PBXFileReference; fileEncoding = 4; lastKnownFileType = sourcecode.c.objc; path = HKServer.m; sourceTree = "<group>"; };
/* End PBXFileReference section */

/* Begin PBXFrameworksBuildPhase section */
		957B638A1B247840003AA201 /* Frameworks */ = {
			isa = PBXFrameworksBuildPhase;
			buildActionMask = 2147483647;
			files = (
				950EF4E433AE1F1D57358545 /* libPods.a in Frameworks */,
			);
			runOnlyForDeploymentPostprocessing = 0;
		};
		957B63A31B247840003AA201 /* Frameworks */ = {
			isa = PBXFrameworksBuildPhase;
			buildActionMask = 2147483647;
			files = (
			);
			runOnlyForDeploymentPostprocessing = 0;
		};
/* End PBXFrameworksBuildPhase section */

/* Begin PBXGroup section */
		846711EC1B5C53A00055B9FD /* lelib */ = {
			isa = PBXGroup;
			children = (
				846711ED1B5C53A00055B9FD /* LEBackgroundThread.h */,
				846711EE1B5C53A00055B9FD /* LEBackgroundThread.m */,
				846711EF1B5C53A00055B9FD /* lecore.h */,
				846711F01B5C53A00055B9FD /* lecore.m */,
				846711F11B5C53A00055B9FD /* lelib-Prefix.pch */,
				846711F21B5C53A00055B9FD /* lelib.h */,
				846711F31B5C53A00055B9FD /* LELog.h */,
				846711F41B5C53A00055B9FD /* LELog.m */,
				846711F51B5C53A00055B9FD /* LeNetworkStatus.h */,
				846711F61B5C53A00055B9FD /* LeNetworkStatus.m */,
				846711F71B5C53A00055B9FD /* LogFile.h */,
				846711F81B5C53A00055B9FD /* LogFile.m */,
				846711F91B5C53A00055B9FD /* LogFiles.h */,
				846711FA1B5C53A00055B9FD /* LogFiles.m */,
			);
			path = lelib;
			sourceTree = "<group>";
		};
		951795CB1B4BC90400523D65 /* Profile */ = {
			isa = PBXGroup;
			children = (
				95AA96861B4C285000FF0F81 /* OHActionSheet.h */,
				95AA96871B4C285000FF0F81 /* OHActionSheet.m */,
				95AA96831B4C141100FF0F81 /* UIMonthYearPicker.h */,
				95AA96841B4C141100FF0F81 /* UIMonthYearPicker.m */,
				951795C81B4BC8EC00523D65 /* ProfileVC.h */,
				951795C91B4BC8EC00523D65 /* ProfileVC.m */,
				951795CC1B4BC91D00523D65 /* ProfileCell.h */,
				951795CD1B4BC91D00523D65 /* ProfileCell.m */,
				95A94F321B205201004A2CE0 /* OptionsVC.h */,
				95A94F331B205201004A2CE0 /* OptionsVC.m */,
				95AA96801B4C113C00FF0F81 /* FillVC.h */,
				95AA96811B4C113C00FF0F81 /* FillVC.m */,
			);
			name = Profile;
			sourceTree = "<group>";
		};
		95511E0E1B2719CA00AD40C6 /* iCarousel */ = {
			isa = PBXGroup;
			children = (
				95511E0F1B2719CA00AD40C6 /* iCarousel.h */,
				95511E101B2719CA00AD40C6 /* iCarousel.m */,
			);
			path = iCarousel;
			sourceTree = "<group>";
		};
		95511E151B2828D700AD40C6 /* Login VC */ = {
			isa = PBXGroup;
			children = (
				95511E121B2770B400AD40C6 /* LoginVC.h */,
				95511E131B2770B400AD40C6 /* LoginVC.m */,
				95AA967D1B2062DF00FF0F81 /* SignInVC.h */,
				95AA967E1B2062DF00FF0F81 /* SignInVC.m */,
				95AF152A1B5BDDB3003B75CC /* ForgotVC.h */,
				95AF152B1B5BDDB3003B75CC /* ForgotVC.m */,
			);
			name = "Login VC";
			sourceTree = "<group>";
		};
		95511E191B28291D00AD40C6 /* Favourite VC */ = {
			isa = PBXGroup;
			children = (
				95511E161B28291700AD40C6 /* FavouriteVC.h */,
				95511E171B28291700AD40C6 /* FavouriteVC.m */,
				95511E1A1B28353800AD40C6 /* FavourCell.h */,
				95511E1B1B28353800AD40C6 /* FavourCell.m */,
			);
			name = "Favourite VC";
			sourceTree = "<group>";
		};
		95511E201B2853A700AD40C6 /* Applications VC */ = {
			isa = PBXGroup;
			children = (
				95511E1D1B2853A300AD40C6 /* ApplicationsVC.h */,
				95511E1E1B2853A300AD40C6 /* ApplicationsVC.m */,
				95CA93E71B387B9000AA9E04 /* ApplicationsCell.h */,
				95CA93E81B387B9000AA9E04 /* ApplicationsCell.m */,
			);
			name = "Applications VC";
			sourceTree = "<group>";
		};
		95511E241B286CAC00AD40C6 /* Chat VC */ = {
			isa = PBXGroup;
			children = (
				95511E211B286CA100AD40C6 /* ChatVC.h */,
				95511E221B286CA100AD40C6 /* ChatVC.m */,
				95BE31301B39665D0091E052 /* ChatCell.h */,
				95BE31311B39665D0091E052 /* ChatCell.m */,
			);
			name = "Chat VC";
			sourceTree = "<group>";
		};
		957B63841B247840003AA201 = {
			isa = PBXGroup;
			children = (
				957B638F1B247840003AA201 /* Harikals */,
				957B63A91B247840003AA201 /* HarikalsTests */,
				957B638E1B247840003AA201 /* Products */,
				A6342026D3CE846408712245 /* Pods */,
				A3A474DE6945B0272138849B /* Frameworks */,
			);
			sourceTree = "<group>";
		};
		957B638E1B247840003AA201 /* Products */ = {
			isa = PBXGroup;
			children = (
				957B638D1B247840003AA201 /* Harikals.app */,
				957B63A61B247840003AA201 /* HarikalsTests.xctest */,
			);
			name = Products;
			sourceTree = "<group>";
		};
		957B638F1B247840003AA201 /* Harikals */ = {
			isa = PBXGroup;
			children = (
				846711EC1B5C53A00055B9FD /* lelib */,
				951795CB1B4BC90400523D65 /* Profile */,
				95B77B961B25AAE50081E694 /* Fonts */,
				95B77B951B25A8F40081E694 /* App Delegate */,
				957B63971B247840003AA201 /* ViewController.h */,
				957B63981B247840003AA201 /* ViewController.m */,
				95AE07211B25F39100184007 /* Interface */,
				957B63901B247840003AA201 /* Supporting Files */,
				95AE07161B25F35D00184007 /* Introduction VC */,
				95AE07171B25F38200184007 /* RESideMenu */,
				95AE07291B25F9F600184007 /* Menu Root */,
				95A5E76E1B2700D200B6E978 /* Cards Controller */,
				95511E151B2828D700AD40C6 /* Login VC */,
				95511E191B28291D00AD40C6 /* Favourite VC */,
				95511E201B2853A700AD40C6 /* Applications VC */,
				95511E241B286CAC00AD40C6 /* Chat VC */,
				95D775391B2B41DE006D501F /* Detail VC */,
				95D7753D1B2B567C006D501F /* Settings VC */,
				95AAB2AB1B4D34830092CA62 /* Segue */,
				95D83BB41B419C03005530F4 /* Server API */,
				95AF152D1B5BDF50003B75CC /* AlertVC.h */,
				95AF152E1B5BDF50003B75CC /* AlertVC.m */,
				95AAB2AC1B4D34990092CA62 /* InitialVC.h */,
				95AAB2AD1B4D34990092CA62 /* InitialVC.m */,
				95B26D551B4FF7FE002A8220 /* ForgotPasswordView.h */,
			);
			path = Harikals;
			sourceTree = "<group>";
		};
		957B63901B247840003AA201 /* Supporting Files */ = {
			isa = PBXGroup;
			children = (
				957B63911B247840003AA201 /* Info.plist */,
				957B63921B247840003AA201 /* main.m */,
				95AAB2AF1B4D797E0092CA62 /* InfoPlist.strings */,
			);
			name = "Supporting Files";
			sourceTree = "<group>";
		};
		957B63A91B247840003AA201 /* HarikalsTests */ = {
			isa = PBXGroup;
			children = (
				957B63AC1B247840003AA201 /* HarikalsTests.m */,
				957B63AA1B247840003AA201 /* Supporting Files */,
			);
			path = HarikalsTests;
			sourceTree = "<group>";
		};
		957B63AA1B247840003AA201 /* Supporting Files */ = {
			isa = PBXGroup;
			children = (
				957B63AB1B247840003AA201 /* Info.plist */,
			);
			name = "Supporting Files";
			sourceTree = "<group>";
		};
		95A5E76E1B2700D200B6E978 /* Cards Controller */ = {
			isa = PBXGroup;
			children = (
				95D7753E1B2B58E5006D501F /* CardView.h */,
				95D7753F1B2B58E5006D501F /* CardView.m */,
				95511E0E1B2719CA00AD40C6 /* iCarousel */,
				95A5E7691B2700C300B6E978 /* CardsVC.h */,
				95A5E76A1B2700C300B6E978 /* CardsVC.m */,
			);
			name = "Cards Controller";
			sourceTree = "<group>";
		};
		95AAB2AB1B4D34830092CA62 /* Segue */ = {
			isa = PBXGroup;
			children = (
				95790DAE1B32C3140024EA3E /* PushNoAnimationSegue.h */,
				95790DAF1B32C3140024EA3E /* PushNoAnimationSegue.m */,
			);
			name = Segue;
			sourceTree = "<group>";
		};
		95AE07161B25F35D00184007 /* Introduction VC */ = {
			isa = PBXGroup;
			children = (
				95B77BAF1B25B3360081E694 /* IntroductionVC.h */,
				95B77BB01B25B3360081E694 /* IntroductionVC.m */,
			);
			name = "Introduction VC";
			sourceTree = "<group>";
		};
		95AE07171B25F38200184007 /* RESideMenu */ = {
			isa = PBXGroup;
			children = (
				95AE07181B25F38200184007 /* RECommonFunctions.h */,
				95AE07191B25F38200184007 /* RECommonFunctions.m */,
				95AE071A1B25F38200184007 /* RESideMenu.h */,
				95AE071B1B25F38200184007 /* RESideMenu.m */,
				95AE071C1B25F38200184007 /* UIViewController+RESideMenu.h */,
				95AE071D1B25F38200184007 /* UIViewController+RESideMenu.m */,
			);
			path = RESideMenu;
			sourceTree = "<group>";
		};
		95AE07211B25F39100184007 /* Interface */ = {
			isa = PBXGroup;
			children = (
				95ADC6701B4954E400344BE9 /* Default@2x.png */,
				95ADC6711B4954E400344BE9 /* Default-568h@2x.png */,
				95A5E76B1B2700C300B6E978 /* CardsVC.xib */,
				957B639A1B247840003AA201 /* Main.storyboard */,
				957B639D1B247840003AA201 /* Images.xcassets */,
				957B639F1B247840003AA201 /* LaunchScreen.xib */,
				95511E251B28758200AD40C6 /* ChatInputView.xib */,
				95B645441B2A05BA009F1696 /* ModalView.xib */,
				95D775411B2B58FB006D501F /* CardView.xib */,
				95B26D581B4FFA9E002A8220 /* ForgotView.xib */,
				95AF15301B5BDF7C003B75CC /* AlertVCView.xib */,
			);
			name = Interface;
			sourceTree = "<group>";
		};
		95AE07291B25F9F600184007 /* Menu Root */ = {
			isa = PBXGroup;
			children = (
				95AE07221B25F5BD00184007 /* MenuViewController.h */,
				95AE07231B25F5BD00184007 /* MenuViewController.m */,
				95AE07281B25F8E800184007 /* LeftMenuViewController.h */,
				95AE07251B25F8C600184007 /* LeftMenuViewController.m */,
				959B2C971A5F13610009C77D /* MenuCell.h */,
				959B2C981A5F13610009C77D /* MenuCell.m */,
			);
			name = "Menu Root";
			sourceTree = "<group>";
		};
		95B77B951B25A8F40081E694 /* App Delegate */ = {
			isa = PBXGroup;
			children = (
				957B63941B247840003AA201 /* AppDelegate.h */,
				957B63951B247840003AA201 /* AppDelegate.m */,
			);
			name = "App Delegate";
			sourceTree = "<group>";
		};
		95B77B961B25AAE50081E694 /* Fonts */ = {
			isa = PBXGroup;
			children = (
				95AE22201B4A8F71001B26D3 /* FjallaOne-Regular.ttf */,
				95B77B971B25AB780081E694 /* OpenSans-Bold.ttf */,
				95B77B981B25AB780081E694 /* OpenSans-BoldItalic.ttf */,
				95B77B991B25AB780081E694 /* OpenSans-CondLight.ttf */,
				95B77B9A1B25AB780081E694 /* OpenSans-CondLightItalic.ttf */,
				95B77B9B1B25AB780081E694 /* OpenSans-ExtraBold.ttf */,
				95B77B9C1B25AB780081E694 /* OpenSans-ExtraBoldItalic.ttf */,
				95B77B9D1B25AB780081E694 /* OpenSans-Italic.ttf */,
				95B77B9E1B25AB780081E694 /* OpenSans-Light.ttf */,
				95B77B9F1B25AB780081E694 /* OpenSans-LightItalic.ttf */,
				95B77BA01B25AB780081E694 /* OpenSans-Regular.ttf */,
				95B77BA11B25AB780081E694 /* OpenSans-Semibold.ttf */,
				95B77BA21B25AB780081E694 /* OpenSans-SemiboldItalic.ttf */,
			);
			name = Fonts;
			sourceTree = "<group>";
		};
		95D775391B2B41DE006D501F /* Detail VC */ = {
			isa = PBXGroup;
			children = (
				95B645411B29FE86009F1696 /* DetailVC.h */,
				95B645421B29FE86009F1696 /* DetailVC.m */,
			);
			name = "Detail VC";
			sourceTree = "<group>";
		};
		95D7753D1B2B567C006D501F /* Settings VC */ = {
			isa = PBXGroup;
			children = (
				95D7753A1B2B41FF006D501F /* SettingsVC.h */,
				95D7753B1B2B41FF006D501F /* SettingsVC.m */,
				959890E51B3C0E3400551F60 /* DropdownModel.h */,
				959890E61B3C0E3400551F60 /* DropdownModel.m */,
				95D83BAE1B419996005530F4 /* HKTextField.h */,
				95D83BAF1B419996005530F4 /* HKTextField.m */,
				95CD16631B46818C0004AEDD /* SettingsCell.h */,
				95CD16641B46818C0004AEDD /* SettingsCell.m */,
			);
			name = "Settings VC";
			sourceTree = "<group>";
		};
		95D83BB41B419C03005530F4 /* Server API */ = {
			isa = PBXGroup;
			children = (
				95AB89151B5BCCFC00953DF5 /* Reachability.h */,
				95AB89161B5BCCFC00953DF5 /* Reachability.m */,
				95D83BB11B419BF9005530F4 /* HKServer.h */,
				95D83BB21B419BF9005530F4 /* HKServer.m */,
			);
			name = "Server API";
			sourceTree = "<group>";
		};
		A3A474DE6945B0272138849B /* Frameworks */ = {
			isa = PBXGroup;
			children = (
				6A4A32F333D1D7CF497CE895 /* libPods.a */,
			);
			name = Frameworks;
			sourceTree = "<group>";
		};
		A6342026D3CE846408712245 /* Pods */ = {
			isa = PBXGroup;
			children = (
				29486ABA066670FC3B9C5709 /* Pods.debug.xcconfig */,
				504BA634EB605968241D5616 /* Pods.release.xcconfig */,
			);
			name = Pods;
			sourceTree = "<group>";
		};
/* End PBXGroup section */

/* Begin PBXNativeTarget section */
		957B638C1B247840003AA201 /* Harikals */ = {
			isa = PBXNativeTarget;
			buildConfigurationList = 957B63B01B247840003AA201 /* Build configuration list for PBXNativeTarget "Harikals" */;
			buildPhases = (
				D4AB7482A9A406DC2EFE93D0 /* Check Pods Manifest.lock */,
				957B63891B247840003AA201 /* Sources */,
				957B638A1B247840003AA201 /* Frameworks */,
				957B638B1B247840003AA201 /* Resources */,
				F914F4D49A2186B33E36BAF3 /* Copy Pods Resources */,
			);
			buildRules = (
			);
			dependencies = (
			);
			name = Harikals;
			productName = Harikals;
			productReference = 957B638D1B247840003AA201 /* Harikals.app */;
			productType = "com.apple.product-type.application";
		};
		957B63A51B247840003AA201 /* HarikalsTests */ = {
			isa = PBXNativeTarget;
			buildConfigurationList = 957B63B31B247840003AA201 /* Build configuration list for PBXNativeTarget "HarikalsTests" */;
			buildPhases = (
				957B63A21B247840003AA201 /* Sources */,
				957B63A31B247840003AA201 /* Frameworks */,
				957B63A41B247840003AA201 /* Resources */,
			);
			buildRules = (
			);
			dependencies = (
				957B63A81B247840003AA201 /* PBXTargetDependency */,
			);
			name = HarikalsTests;
			productName = HarikalsTests;
			productReference = 957B63A61B247840003AA201 /* HarikalsTests.xctest */;
			productType = "com.apple.product-type.bundle.unit-test";
		};
/* End PBXNativeTarget section */

/* Begin PBXProject section */
		957B63851B247840003AA201 /* Project object */ = {
			isa = PBXProject;
			attributes = {
				LastUpgradeCheck = 0620;
				ORGANIZATIONNAME = tabunchenko;
				TargetAttributes = {
					957B638C1B247840003AA201 = {
						CreatedOnToolsVersion = 6.2;
					};
					957B63A51B247840003AA201 = {
						CreatedOnToolsVersion = 6.2;
						TestTargetID = 957B638C1B247840003AA201;
					};
				};
			};
			buildConfigurationList = 957B63881B247840003AA201 /* Build configuration list for PBXProject "Harikals" */;
			compatibilityVersion = "Xcode 3.2";
			developmentRegion = English;
			hasScannedForEncodings = 0;
			knownRegions = (
				en,
				Base,
			);
			mainGroup = 957B63841B247840003AA201;
			productRefGroup = 957B638E1B247840003AA201 /* Products */;
			projectDirPath = "";
			projectRoot = "";
			targets = (
				957B638C1B247840003AA201 /* Harikals */,
				957B63A51B247840003AA201 /* HarikalsTests */,
			);
		};
/* End PBXProject section */

/* Begin PBXResourcesBuildPhase section */
		957B638B1B247840003AA201 /* Resources */ = {
			isa = PBXResourcesBuildPhase;
			buildActionMask = 2147483647;
			files = (
				95AE22211B4A8F76001B26D3 /* FjallaOne-Regular.ttf in Resources */,
				957B639C1B247840003AA201 /* Main.storyboard in Resources */,
				95511E261B28758200AD40C6 /* ChatInputView.xib in Resources */,
				95B77BAE1B25AB780081E694 /* OpenSans-SemiboldItalic.ttf in Resources */,
				95A5E76D1B2700C300B6E978 /* CardsVC.xib in Resources */,
				95B645451B2A05BA009F1696 /* ModalView.xib in Resources */,
				95ADC6731B4954E400344BE9 /* Default-568h@2x.png in Resources */,
				95B77BA81B25AB780081E694 /* OpenSans-ExtraBoldItalic.ttf in Resources */,
				95D775421B2B58FB006D501F /* CardView.xib in Resources */,
				95AAB2B01B4D797E0092CA62 /* InfoPlist.strings in Resources */,
				95B77BAB1B25AB780081E694 /* OpenSans-LightItalic.ttf in Resources */,
				95AF15311B5BDF7C003B75CC /* AlertVCView.xib in Resources */,
				957B63A11B247840003AA201 /* LaunchScreen.xib in Resources */,
				95B77BA91B25AB780081E694 /* OpenSans-Italic.ttf in Resources */,
				95B77BA51B25AB780081E694 /* OpenSans-CondLight.ttf in Resources */,
				95B77BA71B25AB780081E694 /* OpenSans-ExtraBold.ttf in Resources */,
				95ADC6721B4954E400344BE9 /* Default@2x.png in Resources */,
				95B77BA31B25AB780081E694 /* OpenSans-Bold.ttf in Resources */,
				957B639E1B247840003AA201 /* Images.xcassets in Resources */,
				95B77BA41B25AB780081E694 /* OpenSans-BoldItalic.ttf in Resources */,
				95B26D591B4FFA9E002A8220 /* ForgotView.xib in Resources */,
				95B77BAA1B25AB780081E694 /* OpenSans-Light.ttf in Resources */,
				95B77BAC1B25AB780081E694 /* OpenSans-Regular.ttf in Resources */,
				95B77BAD1B25AB780081E694 /* OpenSans-Semibold.ttf in Resources */,
				95B77BA61B25AB780081E694 /* OpenSans-CondLightItalic.ttf in Resources */,
			);
			runOnlyForDeploymentPostprocessing = 0;
		};
		957B63A41B247840003AA201 /* Resources */ = {
			isa = PBXResourcesBuildPhase;
			buildActionMask = 2147483647;
			files = (
			);
			runOnlyForDeploymentPostprocessing = 0;
		};
/* End PBXResourcesBuildPhase section */

/* Begin PBXShellScriptBuildPhase section */
		D4AB7482A9A406DC2EFE93D0 /* Check Pods Manifest.lock */ = {
			isa = PBXShellScriptBuildPhase;
			buildActionMask = 2147483647;
			files = (
			);
			inputPaths = (
			);
			name = "Check Pods Manifest.lock";
			outputPaths = (
			);
			runOnlyForDeploymentPostprocessing = 0;
			shellPath = /bin/sh;
			shellScript = "diff \"${PODS_ROOT}/../Podfile.lock\" \"${PODS_ROOT}/Manifest.lock\" > /dev/null\nif [[ $? != 0 ]] ; then\n    cat << EOM\nerror: The sandbox is not in sync with the Podfile.lock. Run 'pod install' or update your CocoaPods installation.\nEOM\n    exit 1\nfi\n";
			showEnvVarsInLog = 0;
		};
		F914F4D49A2186B33E36BAF3 /* Copy Pods Resources */ = {
			isa = PBXShellScriptBuildPhase;
			buildActionMask = 2147483647;
			files = (
			);
			inputPaths = (
			);
			name = "Copy Pods Resources";
			outputPaths = (
			);
			runOnlyForDeploymentPostprocessing = 0;
			shellPath = /bin/sh;
			shellScript = "\"${SRCROOT}/Pods/Target Support Files/Pods/Pods-resources.sh\"\n";
			showEnvVarsInLog = 0;
		};
/* End PBXShellScriptBuildPhase section */

/* Begin PBXSourcesBuildPhase section */
		957B63891B247840003AA201 /* Sources */ = {
			isa = PBXSourcesBuildPhase;
			buildActionMask = 2147483647;
			files = (
				846711FD1B5C53A00055B9FD /* LELog.m in Sources */,
				951795CA1B4BC8EC00523D65 /* ProfileVC.m in Sources */,
				846712001B5C53A00055B9FD /* LogFiles.m in Sources */,
				95AE07271B25F8C600184007 /* LeftMenuViewController.m in Sources */,
				95AA96881B4C285000FF0F81 /* OHActionSheet.m in Sources */,
				95AF152F1B5BDF50003B75CC /* AlertVC.m in Sources */,
				95D83BB01B419996005530F4 /* HKTextField.m in Sources */,
				95AA96821B4C113C00FF0F81 /* FillVC.m in Sources */,
				95CD16651B46818C0004AEDD /* SettingsCell.m in Sources */,
				957B63991B247840003AA201 /* ViewController.m in Sources */,
				95A94F341B205201004A2CE0 /* OptionsVC.m in Sources */,
				95511E141B2770B400AD40C6 /* LoginVC.m in Sources */,
				95A5E76C1B2700C300B6E978 /* CardsVC.m in Sources */,
				95CA93E91B387B9000AA9E04 /* ApplicationsCell.m in Sources */,
				95AE071E1B25F38200184007 /* RECommonFunctions.m in Sources */,
				95D7753C1B2B41FF006D501F /* SettingsVC.m in Sources */,
				95B645431B29FE86009F1696 /* DetailVC.m in Sources */,
				95D83BB31B419BF9005530F4 /* HKServer.m in Sources */,
				95AA967F1B2062DF00FF0F81 /* SignInVC.m in Sources */,
				95511E181B28291700AD40C6 /* FavouriteVC.m in Sources */,
				95511E111B2719CA00AD40C6 /* iCarousel.m in Sources */,
				846711FB1B5C53A00055B9FD /* LEBackgroundThread.m in Sources */,
				95AA96851B4C141100FF0F81 /* UIMonthYearPicker.m in Sources */,
				95AAB2AE1B4D34990092CA62 /* InitialVC.m in Sources */,
				95D775401B2B58E5006D501F /* CardView.m in Sources */,
				957B63961B247840003AA201 /* AppDelegate.m in Sources */,
				95790DB01B32C3140024EA3E /* PushNoAnimationSegue.m in Sources */,
				95AE07241B25F5BD00184007 /* MenuViewController.m in Sources */,
				95511E1F1B2853A300AD40C6 /* ApplicationsVC.m in Sources */,
				95B77BB11B25B3360081E694 /* IntroductionVC.m in Sources */,
				959890E71B3C0E3400551F60 /* DropdownModel.m in Sources */,
				846711FF1B5C53A00055B9FD /* LogFile.m in Sources */,
				959B2C991A5F13610009C77D /* MenuCell.m in Sources */,
				95511E1C1B28353800AD40C6 /* FavourCell.m in Sources */,
				95AF152C1B5BDDB3003B75CC /* ForgotVC.m in Sources */,
				95511E231B286CA200AD40C6 /* ChatVC.m in Sources */,
				95AE071F1B25F38200184007 /* RESideMenu.m in Sources */,
				95AE07201B25F38200184007 /* UIViewController+RESideMenu.m in Sources */,
				951795CE1B4BC91D00523D65 /* ProfileCell.m in Sources */,
				957B63931B247840003AA201 /* main.m in Sources */,
				846711FC1B5C53A00055B9FD /* lecore.m in Sources */,
				95AB89171B5BCCFC00953DF5 /* Reachability.m in Sources */,
				95BE31321B39665D0091E052 /* ChatCell.m in Sources */,
				846711FE1B5C53A00055B9FD /* LeNetworkStatus.m in Sources */,
			);
			runOnlyForDeploymentPostprocessing = 0;
		};
		957B63A21B247840003AA201 /* Sources */ = {
			isa = PBXSourcesBuildPhase;
			buildActionMask = 2147483647;
			files = (
				957B63AD1B247840003AA201 /* HarikalsTests.m in Sources */,
			);
			runOnlyForDeploymentPostprocessing = 0;
		};
/* End PBXSourcesBuildPhase section */

/* Begin PBXTargetDependency section */
		957B63A81B247840003AA201 /* PBXTargetDependency */ = {
			isa = PBXTargetDependency;
			target = 957B638C1B247840003AA201 /* Harikals */;
			targetProxy = 957B63A71B247840003AA201 /* PBXContainerItemProxy */;
		};
/* End PBXTargetDependency section */

/* Begin PBXVariantGroup section */
		957B639A1B247840003AA201 /* Main.storyboard */ = {
			isa = PBXVariantGroup;
			children = (
				957B639B1B247840003AA201 /* Base */,
			);
			name = Main.storyboard;
			sourceTree = "<group>";
		};
		957B639F1B247840003AA201 /* LaunchScreen.xib */ = {
			isa = PBXVariantGroup;
			children = (
				957B63A01B247840003AA201 /* Base */,
			);
			name = LaunchScreen.xib;
			sourceTree = "<group>";
		};
/* End PBXVariantGroup section */

/* Begin XCBuildConfiguration section */
		957B63AE1B247840003AA201 /* Debug */ = {
			isa = XCBuildConfiguration;
			buildSettings = {
				ALWAYS_SEARCH_USER_PATHS = NO;
				CLANG_CXX_LANGUAGE_STANDARD = "gnu++0x";
				CLANG_CXX_LIBRARY = "libc++";
				CLANG_ENABLE_MODULES = YES;
				CLANG_ENABLE_OBJC_ARC = YES;
				CLANG_WARN_BOOL_CONVERSION = YES;
				CLANG_WARN_CONSTANT_CONVERSION = YES;
				CLANG_WARN_DIRECT_OBJC_ISA_USAGE = YES_ERROR;
				CLANG_WARN_EMPTY_BODY = YES;
				CLANG_WARN_ENUM_CONVERSION = YES;
				CLANG_WARN_INT_CONVERSION = YES;
				CLANG_WARN_OBJC_ROOT_CLASS = YES_ERROR;
				CLANG_WARN_UNREACHABLE_CODE = YES;
				CLANG_WARN__DUPLICATE_METHOD_MATCH = YES;
				CODE_SIGN_IDENTITY = "iPhone Distribution: Roman Savchuk (NFT7A9P537)";
				"CODE_SIGN_IDENTITY[sdk=iphoneos*]" = "iPhone Distribution: Roman Savchuk (NFT7A9P537)";
				COPY_PHASE_STRIP = NO;
				ENABLE_STRICT_OBJC_MSGSEND = YES;
				GCC_C_LANGUAGE_STANDARD = gnu99;
				GCC_DYNAMIC_NO_PIC = NO;
				GCC_OPTIMIZATION_LEVEL = 0;
				GCC_PREPROCESSOR_DEFINITIONS = (
					"DEBUG=1",
					"$(inherited)",
				);
				GCC_SYMBOLS_PRIVATE_EXTERN = NO;
				GCC_WARN_64_TO_32_BIT_CONVERSION = YES;
				GCC_WARN_ABOUT_RETURN_TYPE = YES_ERROR;
				GCC_WARN_UNDECLARED_SELECTOR = YES;
				GCC_WARN_UNINITIALIZED_AUTOS = YES_AGGRESSIVE;
				GCC_WARN_UNUSED_FUNCTION = YES;
				GCC_WARN_UNUSED_VARIABLE = YES;
				IPHONEOS_DEPLOYMENT_TARGET = 8.2;
				MTL_ENABLE_DEBUG_INFO = YES;
				ONLY_ACTIVE_ARCH = YES;
				PROVISIONING_PROFILE = "83b06efb-b0d5-4335-9700-fd4e5f522a2e";
				SDKROOT = iphoneos;
			};
			name = Debug;
		};
		957B63AF1B247840003AA201 /* Release */ = {
			isa = XCBuildConfiguration;
			buildSettings = {
				ALWAYS_SEARCH_USER_PATHS = NO;
				CLANG_CXX_LANGUAGE_STANDARD = "gnu++0x";
				CLANG_CXX_LIBRARY = "libc++";
				CLANG_ENABLE_MODULES = YES;
				CLANG_ENABLE_OBJC_ARC = YES;
				CLANG_WARN_BOOL_CONVERSION = YES;
				CLANG_WARN_CONSTANT_CONVERSION = YES;
				CLANG_WARN_DIRECT_OBJC_ISA_USAGE = YES_ERROR;
				CLANG_WARN_EMPTY_BODY = YES;
				CLANG_WARN_ENUM_CONVERSION = YES;
				CLANG_WARN_INT_CONVERSION = YES;
				CLANG_WARN_OBJC_ROOT_CLASS = YES_ERROR;
				CLANG_WARN_UNREACHABLE_CODE = YES;
				CLANG_WARN__DUPLICATE_METHOD_MATCH = YES;
				CODE_SIGN_IDENTITY = "iPhone Distribution: Roman Savchuk (NFT7A9P537)";
				"CODE_SIGN_IDENTITY[sdk=iphoneos*]" = "iPhone Distribution: Roman Savchuk (NFT7A9P537)";
				COPY_PHASE_STRIP = NO;
				ENABLE_NS_ASSERTIONS = NO;
				ENABLE_STRICT_OBJC_MSGSEND = YES;
				GCC_C_LANGUAGE_STANDARD = gnu99;
				GCC_WARN_64_TO_32_BIT_CONVERSION = YES;
				GCC_WARN_ABOUT_RETURN_TYPE = YES_ERROR;
				GCC_WARN_UNDECLARED_SELECTOR = YES;
				GCC_WARN_UNINITIALIZED_AUTOS = YES_AGGRESSIVE;
				GCC_WARN_UNUSED_FUNCTION = YES;
				GCC_WARN_UNUSED_VARIABLE = YES;
				IPHONEOS_DEPLOYMENT_TARGET = 8.2;
				MTL_ENABLE_DEBUG_INFO = NO;
				PROVISIONING_PROFILE = "83b06efb-b0d5-4335-9700-fd4e5f522a2e";
				SDKROOT = iphoneos;
				VALIDATE_PRODUCT = YES;
			};
			name = Release;
		};
		957B63B11B247840003AA201 /* Debug */ = {
			isa = XCBuildConfiguration;
			baseConfigurationReference = 29486ABA066670FC3B9C5709 /* Pods.debug.xcconfig */;
			buildSettings = {
				ASSETCATALOG_COMPILER_APPICON_NAME = AppIcon;
				CODE_SIGN_IDENTITY = "iPhone Developer";
				INFOPLIST_FILE = Harikals/Info.plist;
				IPHONEOS_DEPLOYMENT_TARGET = 7.1;
				LD_RUNPATH_SEARCH_PATHS = "$(inherited) @executable_path/Frameworks";
				PRODUCT_NAME = "$(TARGET_NAME)";
				PROVISIONING_PROFILE = "";
			};
			name = Debug;
		};
		957B63B21B247840003AA201 /* Release */ = {
			isa = XCBuildConfiguration;
			baseConfigurationReference = 504BA634EB605968241D5616 /* Pods.release.xcconfig */;
			buildSettings = {
				ASSETCATALOG_COMPILER_APPICON_NAME = AppIcon;
				CODE_SIGN_IDENTITY = "iPhone Developer";
				INFOPLIST_FILE = Harikals/Info.plist;
				IPHONEOS_DEPLOYMENT_TARGET = 7.1;
				LD_RUNPATH_SEARCH_PATHS = "$(inherited) @executable_path/Frameworks";
				PRODUCT_NAME = "$(TARGET_NAME)";
				PROVISIONING_PROFILE = "";
			};
			name = Release;
		};
		957B63B41B247840003AA201 /* Debug */ = {
			isa = XCBuildConfiguration;
			buildSettings = {
				BUNDLE_LOADER = "$(TEST_HOST)";
				FRAMEWORK_SEARCH_PATHS = (
					"$(SDKROOT)/Developer/Library/Frameworks",
					"$(inherited)",
				);
				GCC_PREPROCESSOR_DEFINITIONS = (
					"DEBUG=1",
					"$(inherited)",
				);
				INFOPLIST_FILE = HarikalsTests/Info.plist;
				LD_RUNPATH_SEARCH_PATHS = "$(inherited) @executable_path/Frameworks @loader_path/Frameworks";
				PRODUCT_NAME = "$(TARGET_NAME)";
				TEST_HOST = "$(BUILT_PRODUCTS_DIR)/Harikals.app/Harikals";
			};
			name = Debug;
		};
		957B63B51B247840003AA201 /* Release */ = {
			isa = XCBuildConfiguration;
			buildSettings = {
				BUNDLE_LOADER = "$(TEST_HOST)";
				FRAMEWORK_SEARCH_PATHS = (
					"$(SDKROOT)/Developer/Library/Frameworks",
					"$(inherited)",
				);
				INFOPLIST_FILE = HarikalsTests/Info.plist;
				LD_RUNPATH_SEARCH_PATHS = "$(inherited) @executable_path/Frameworks @loader_path/Frameworks";
				PRODUCT_NAME = "$(TARGET_NAME)";
				TEST_HOST = "$(BUILT_PRODUCTS_DIR)/Harikals.app/Harikals";
			};
			name = Release;
		};
/* End XCBuildConfiguration section */

/* Begin XCConfigurationList section */
		957B63881B247840003AA201 /* Build configuration list for PBXProject "Harikals" */ = {
			isa = XCConfigurationList;
			buildConfigurations = (
				957B63AE1B247840003AA201 /* Debug */,
				957B63AF1B247840003AA201 /* Release */,
			);
			defaultConfigurationIsVisible = 0;
			defaultConfigurationName = Release;
		};
		957B63B01B247840003AA201 /* Build configuration list for PBXNativeTarget "Harikals" */ = {
			isa = XCConfigurationList;
			buildConfigurations = (
				957B63B11B247840003AA201 /* Debug */,
				957B63B21B247840003AA201 /* Release */,
			);
			defaultConfigurationIsVisible = 0;
			defaultConfigurationName = Release;
		};
		957B63B31B247840003AA201 /* Build configuration list for PBXNativeTarget "HarikalsTests" */ = {
			isa = XCConfigurationList;
			buildConfigurations = (
				957B63B41B247840003AA201 /* Debug */,
				957B63B51B247840003AA201 /* Release */,
			);
			defaultConfigurationIsVisible = 0;
			defaultConfigurationName = Release;
		};
/* End XCConfigurationList section */
	};
	rootObject = 957B63851B247840003AA201 /* Project object */;
}
